PODS:
  - CGPointIntegral (0.0.1)
  - SVWebViewController (1.0)
  - UIColor+Hex (1.0.1):
    - UIColor+Hex/NSColor (= 1.0.1)
    - UIColor+Hex/UIColor (= 1.0.1)
  - UIColor+Hex/UIColor (1.0.1)

DEPENDENCIES:
  - CGPointIntegral (from `https://github.com/jonathontoon/CGPointIntegral.git`)
  - SVWebViewController (from `https://github.com/jonathontoon/SVWebViewController.git`)
  - UIColor+Hex (from `https://github.com/Inferis/UIColor-Hex.git`)

EXTERNAL SOURCES:
  CGPointIntegral:
    :git: https://github.com/jonathontoon/CGPointIntegral.git
  SVWebViewController:
    :git: https://github.com/jonathontoon/SVWebViewController.git
  UIColor+Hex:
    :git: https://github.com/Inferis/UIColor-Hex.git

CHECKOUT OPTIONS:
  CGPointIntegral:
    :commit: 89da0fb94c9007ea8f5be9a4258bc970d69b8ba7
    :git: https://github.com/jonathontoon/CGPointIntegral.git
  SVWebViewController:
    :commit: a1f07faf20e5f41107475c534a6ff2becff31c28
    :git: https://github.com/jonathontoon/SVWebViewController.git
  UIColor+Hex:
    :commit: 866b6e3785df690f75975aea699b11a72081c415
    :git: https://github.com/Inferis/UIColor-Hex.git

SPEC CHECKSUMS:
  CGPointIntegral: f6282ed89f108d5ec21ad1259a4e8de15c5a9be5
  SVWebViewController: aa2e18a41ff5f45be7aeec8e92ca5bcc50b5ebb1
  UIColor+Hex: 5ca7532528968af382128af7bfe73afe0839ba1e

COCOAPODS: 0.36.0
